version = 1
revision = 3
requires-python = ">=3.11"

[[package]]
name = "highway-strobe"
version = "0.1.0"
source = { virtual = "." }
dependencies = [
    { name = "paho-mqtt" },
    { name = "python-dotenv" },
    { name = "stupidartnet" },
]

[package.metadata]
requires-dist = [
    { name = "paho-mqtt", specifier = ">=2.0" },
    { name = "python-dotenv", specifier = ">=1.2.2" },
    { name = "stupidartnet", specifier = ">=1.6" },
]

[[package]]
name = "paho-mqtt"
version = "2.1.0"
source = { registry = "https://pypi.org/simple" }
sdist = { url = "https://files.pythonhosted.org/packages/39/15/0a6214e76d4d32e7f663b109cf71fb22561c2be0f701d67f93950cd40542/paho_mqtt-2.1.0.tar.gz", hash = "sha256:12d6e7511d4137555a3f6ea167ae846af2c7357b10bc6fa4f7c3968fc1723834", size = 148848, upload-time = "2024-04-29T19:52:55.591Z" }
wheels = [
    { url = "https://files.pythonhosted.org/packages/c4/cb/00451c3cf31790287768bb12c6bec834f5d292eaf3022afc88e14b8afc94/paho_mqtt-2.1.0-py3-none-any.whl", hash = "sha256:6db9ba9b34ed5bc6b6e3812718c7e06e2fd7444540df2455d2c51bd58808feee", size = 67219, upload-time = "2024-04-29T19:52:48.345Z" },
]

[[package]]
name = "python-dotenv"
version = "1.2.2"
source = { registry = "https://pypi.org/simple" }
sdist = { url = "https://files.pythonhosted.org/packages/82/ed/0301aeeac3e5353ef3d94b6ec08bbcabd04a72018415dcb29e588514bba8/python_dotenv-1.2.2.tar.gz", hash = "sha256:2c371a91fbd7ba082c2c1dc1f8bf89ca22564a087c2c287cd9b662adde799cf3", size = 50135, upload-time = "2026-03-01T16:00:26.196Z" }
wheels = [
    { url = "https://files.pythonhosted.org/packages/0b/d7/1959b9648791274998a9c3526f6d0ec8fd2233e4d4acce81bbae76b44b2a/python_dotenv-1.2.2-py3-none-any.whl", hash = "sha256:1d8214789a24de455a8b8bd8ae6fe3c6b69a5e3d64aa8a8e5d68e694bbcb285a", size = 22101, upload-time = "2026-03-01T16:00:25.09Z" },
]

[[package]]
name = "stupidartnet"
version = "1.6.0"
source = { registry = "https://pypi.org/simple" }
sdist = { url = "https://files.pythonhosted.org/packages/6e/41/ef5ac9d70b6694c41b21d42b2ba7b73772f4713f7b7c2b3c8b5c091ffe7f/stupidartnet-1.6.0.tar.gz", hash = "sha256:0e4c0cd0b662c2663ce0397d6f990dbae91576ad7c10230863e96d8d78c21845", size = 14892, upload-time = "2025-03-12T19:59:17.598Z" }
wheels = [
    { url = "https://files.pythonhosted.org/packages/85/af/8ec0c05142bd915e9f95b85c238c0ae4a0ff61060c29b3b92a245b78139a/stupidartnet-1.6.0-py3-none-any.whl", hash = "sha256:b9b96fe23e759966b8692d99f0b6111f2b0a1b90b18e10a7bdc8a459ca3fe7c0", size = 12668, upload-time = "2025-03-12T19:59:16.453Z" },
]
